
Microsoft Visual Studio Solution File, Format Version 12.00
# Visual Studio Version 16
VisualStudioVersion = 16.0.31025.194
MinimumVisualStudioVersion = 10.0.40219.1
Project("{FAE04EC0-301F-11D3-BF4B-00C04F79EFBC}") = "UrlShortener.Api", "UrlShortener.Api\UrlShortener.Api.csproj", "{07350D3B-0097-4FDB-8873-8DAF94FE8840}"
EndProject
Project("{FAE04EC0-301F-11D3-BF4B-00C04F79EFBC}") = "UrlShortener.Business", "UrlShortener.Business\UrlShortener.Business.csproj", "{AD6C06F5-C6C5-4703-B706-1F482A8AD0AA}"
EndProject
Project("{FAE04EC0-301F-11D3-BF4B-00C04F79EFBC}") = "UrlShortener.Data", "UrlShortener.Data\UrlShortener.Data.csproj", "{8F22C240-F82D-4AA1-98E3-61371490754E}"
EndProject
Global
	GlobalSection(SolutionConfigurationPlatforms) = preSolution
		Debug|Any CPU = Debug|Any CPU
		Release|Any CPU = Release|Any CPU
	EndGlobalSection
	GlobalSection(ProjectConfigurationPlatforms) = postSolution
		{07350D3B-0097-4FDB-8873-8DAF94FE8840}.Debug|Any CPU.ActiveCfg = Debug|Any CPU
		{07350D3B-0097-4FDB-8873-8DAF94FE8840}.Debug|Any CPU.Build.0 = Debug|Any CPU
		{07350D3B-0097-4FDB-8873-8DAF94FE8840}.Release|Any CPU.ActiveCfg = Release|Any CPU
		{07350D3B-0097-4FDB-8873-8DAF94FE8840}.Release|Any CPU.Build.0 = Release|Any CPU
		{AD6C06F5-C6C5-4703-B706-1F482A8AD0AA}.Debug|Any CPU.ActiveCfg = Debug|Any CPU
		{AD6C06F5-C6C5-4703-B706-1F482A8AD0AA}.Debug|Any CPU.Build.0 = Debug|Any CPU
		{AD6C06F5-C6C5-4703-B706-1F482A8AD0AA}.Release|Any CPU.ActiveCfg = Release|Any CPU
		{AD6C06F5-C6C5-4703-B706-1F482A8AD0AA}.Release|Any CPU.Build.0 = Release|Any CPU
		{8F22C240-F82D-4AA1-98E3-61371490754E}.Debug|Any CPU.ActiveCfg = Debug|Any CPU
		{8F22C240-F82D-4AA1-98E3-61371490754E}.Debug|Any CPU.Build.0 = Debug|Any CPU
		{8F22C240-F82D-4AA1-98E3-61371490754E}.Release|Any CPU.ActiveCfg = Release|Any CPU
		{8F22C240-F82D-4AA1-98E3-61371490754E}.Release|Any CPU.Build.0 = Release|Any CPU
	EndGlobalSection
	GlobalSection(SolutionProperties) = preSolution
		HideSolutionNode = FALSE
	EndGlobalSection
	GlobalSection(ExtensibilityGlobals) = postSolution
		SolutionGuid = {F5C9F677-8D71-46DC-ADBB-D2594DE25D92}
	EndGlobalSection
EndGlobal
